
Microsoft Visual Studio Solution File, Format Version 12.00
# Visual Studio Version 16
VisualStudioVersion = 16.0.29418.71
MinimumVisualStudioVersion = 10.0.40219.1
Project("{9A19103F-16F7-4668-BE54-9A1E7A4F7556}") = "DatingApp.API", "DatingApp.API.csproj", "{65E0A337-2C20-4E22-ABF8-C195819139FE}"
EndProject
Global
	GlobalSection(SolutionConfigurationPlatforms) = preSolution
		Debug|Any CPU = Debug|Any CPU
		Release|Any CPU = Release|Any CPU
	EndGlobalSection
	GlobalSection(ProjectConfigurationPlatforms) = postSolution
		{65E0A337-2C20-4E22-ABF8-C195819139FE}.Debug|Any CPU.ActiveCfg = Debug|Any CPU
		{65E0A337-2C20-4E22-ABF8-C195819139FE}.Debug|Any CPU.Build.0 = Debug|Any CPU
		{65E0A337-2C20-4E22-ABF8-C195819139FE}.Release|Any CPU.ActiveCfg = Release|Any CPU
		{65E0A337-2C20-4E22-ABF8-C195819139FE}.Release|Any CPU.Build.0 = Release|Any CPU
	EndGlobalSection
	GlobalSection(SolutionProperties) = preSolution
		HideSolutionNode = FALSE
	EndGlobalSection
	GlobalSection(ExtensibilityGlobals) = postSolution
		SolutionGuid = {6ABB87BA-29F5-4DC8-82FD-80BDC755EB7B}
	EndGlobalSection
EndGlobal
